
Microsoft Visual Studio Solution File, Format Version 12.00
# Visual Studio 15
VisualStudioVersion = 15.0.26124.0
MinimumVisualStudioVersion = 15.0.26124.0
Project("{FAE04EC0-301F-11D3-BF4B-00C04F79EFBC}") = "API", "API\API.csproj", "{71B5BA54-E6E8-48AA-ABEC-3D449C525D75}"
EndProject
Project("{FAE04EC0-301F-11D3-BF4B-00C04F79EFBC}") = "Application", "Application\Application.csproj", "{EE799B52-BAB1-487F-BD24-C8A1DE87D448}"
EndProject
Project("{FAE04EC0-301F-11D3-BF4B-00C04F79EFBC}") = "Persistence", "Persistence\Persistence.csproj", "{4A718C4C-976C-4321-B468-6A8ACDA553DF}"
EndProject
Project("{FAE04EC0-301F-11D3-BF4B-00C04F79EFBC}") = "Domain", "Domain\Domain.csproj", "{ACC26E0C-9C61-42A3-9CDB-55506D965516}"
EndProject
Global
	GlobalSection(SolutionConfigurationPlatforms) = preSolution
		Debug|Any CPU = Debug|Any CPU
		Debug|x64 = Debug|x64
		Debug|x86 = Debug|x86
		Release|Any CPU = Release|Any CPU
		Release|x64 = Release|x64
		Release|x86 = Release|x86
	EndGlobalSection
	GlobalSection(SolutionProperties) = preSolution
		HideSolutionNode = FALSE
	EndGlobalSection
	GlobalSection(ProjectConfigurationPlatforms) = postSolution
		{71B5BA54-E6E8-48AA-ABEC-3D449C525D75}.Debug|Any CPU.ActiveCfg = Debug|Any CPU
		{71B5BA54-E6E8-48AA-ABEC-3D449C525D75}.Debug|Any CPU.Build.0 = Debug|Any CPU
		{71B5BA54-E6E8-48AA-ABEC-3D449C525D75}.Debug|x64.ActiveCfg = Debug|Any CPU
		{71B5BA54-E6E8-48AA-ABEC-3D449C525D75}.Debug|x64.Build.0 = Debug|Any CPU
		{71B5BA54-E6E8-48AA-ABEC-3D449C525D75}.Debug|x86.ActiveCfg = Debug|Any CPU
		{71B5BA54-E6E8-48AA-ABEC-3D449C525D75}.Debug|x86.Build.0 = Debug|Any CPU
		{71B5BA54-E6E8-48AA-ABEC-3D449C525D75}.Release|Any CPU.ActiveCfg = Release|Any CPU
		{71B5BA54-E6E8-48AA-ABEC-3D449C525D75}.Release|Any CPU.Build.0 = Release|Any CPU
		{71B5BA54-E6E8-48AA-ABEC-3D449C525D75}.Release|x64.ActiveCfg = Release|Any CPU
		{71B5BA54-E6E8-48AA-ABEC-3D449C525D75}.Release|x64.Build.0 = Release|Any CPU
		{71B5BA54-E6E8-48AA-ABEC-3D449C525D75}.Release|x86.ActiveCfg = Release|Any CPU
		{71B5BA54-E6E8-48AA-ABEC-3D449C525D75}.Release|x86.Build.0 = Release|Any CPU
		{EE799B52-BAB1-487F-BD24-C8A1DE87D448}.Debug|Any CPU.ActiveCfg = Debug|Any CPU
		{EE799B52-BAB1-487F-BD24-C8A1DE87D448}.Debug|Any CPU.Build.0 = Debug|Any CPU
		{EE799B52-BAB1-487F-BD24-C8A1DE87D448}.Debug|x64.ActiveCfg = Debug|Any CPU
		{EE799B52-BAB1-487F-BD24-C8A1DE87D448}.Debug|x64.Build.0 = Debug|Any CPU
		{EE799B52-BAB1-487F-BD24-C8A1DE87D448}.Debug|x86.ActiveCfg = Debug|Any CPU
		{EE799B52-BAB1-487F-BD24-C8A1DE87D448}.Debug|x86.Build.0 = Debug|Any CPU
		{EE799B52-BAB1-487F-BD24-C8A1DE87D448}.Release|Any CPU.ActiveCfg = Release|Any CPU
		{EE799B52-BAB1-487F-BD24-C8A1DE87D448}.Release|Any CPU.Build.0 = Release|Any CPU
		{EE799B52-BAB1-487F-BD24-C8A1DE87D448}.Release|x64.ActiveCfg = Release|Any CPU
		{EE799B52-BAB1-487F-BD24-C8A1DE87D448}.Release|x64.Build.0 = Release|Any CPU
		{EE799B52-BAB1-487F-BD24-C8A1DE87D448}.Release|x86.ActiveCfg = Release|Any CPU
		{EE799B52-BAB1-487F-BD24-C8A1DE87D448}.Release|x86.Build.0 = Release|Any CPU
		{4A718C4C-976C-4321-B468-6A8ACDA553DF}.Debug|Any CPU.ActiveCfg = Debug|Any CPU
		{4A718C4C-976C-4321-B468-6A8ACDA553DF}.Debug|Any CPU.Build.0 = Debug|Any CPU
		{4A718C4C-976C-4321-B468-6A8ACDA553DF}.Debug|x64.ActiveCfg = Debug|Any CPU
		{4A718C4C-976C-4321-B468-6A8ACDA553DF}.Debug|x64.Build.0 = Debug|Any CPU
		{4A718C4C-976C-4321-B468-6A8ACDA553DF}.Debug|x86.ActiveCfg = Debug|Any CPU
		{4A718C4C-976C-4321-B468-6A8ACDA553DF}.Debug|x86.Build.0 = Debug|Any CPU
		{4A718C4C-976C-4321-B468-6A8ACDA553DF}.Release|Any CPU.ActiveCfg = Release|Any CPU
		{4A718C4C-976C-4321-B468-6A8ACDA553DF}.Release|Any CPU.Build.0 = Release|Any CPU
		{4A718C4C-976C-4321-B468-6A8ACDA553DF}.Release|x64.ActiveCfg = Release|Any CPU
		{4A718C4C-976C-4321-B468-6A8ACDA553DF}.Release|x64.Build.0 = Release|Any CPU
		{4A718C4C-976C-4321-B468-6A8ACDA553DF}.Release|x86.ActiveCfg = Release|Any CPU
		{4A718C4C-976C-4321-B468-6A8ACDA553DF}.Release|x86.Build.0 = Release|Any CPU
		{ACC26E0C-9C61-42A3-9CDB-55506D965516}.Debug|Any CPU.ActiveCfg = Debug|Any CPU
		{ACC26E0C-9C61-42A3-9CDB-55506D965516}.Debug|Any CPU.Build.0 = Debug|Any CPU
		{ACC26E0C-9C61-42A3-9CDB-55506D965516}.Debug|x64.ActiveCfg = Debug|Any CPU
		{ACC26E0C-9C61-42A3-9CDB-55506D965516}.Debug|x64.Build.0 = Debug|Any CPU
		{ACC26E0C-9C61-42A3-9CDB-55506D965516}.Debug|x86.ActiveCfg = Debug|Any CPU
		{ACC26E0C-9C61-42A3-9CDB-55506D965516}.Debug|x86.Build.0 = Debug|Any CPU
		{ACC26E0C-9C61-42A3-9CDB-55506D965516}.Release|Any CPU.ActiveCfg = Release|Any CPU
		{ACC26E0C-9C61-42A3-9CDB-55506D965516}.Release|Any CPU.Build.0 = Release|Any CPU
		{ACC26E0C-9C61-42A3-9CDB-55506D965516}.Release|x64.ActiveCfg = Release|Any CPU
		{ACC26E0C-9C61-42A3-9CDB-55506D965516}.Release|x64.Build.0 = Release|Any CPU
		{ACC26E0C-9C61-42A3-9CDB-55506D965516}.Release|x86.ActiveCfg = Release|Any CPU
		{ACC26E0C-9C61-42A3-9CDB-55506D965516}.Release|x86.Build.0 = Release|Any CPU
	EndGlobalSection
EndGlobal
